
Microsoft Visual Studio Solution File, Format Version 12.00
# Visual Studio Version 17
VisualStudioVersion = 17.5.33516.290
MinimumVisualStudioVersion = 10.0.40219.1
Project("{9A19103F-16F7-4668-BE54-9A1E7A4F7556}") = "LiVerse", "LiVerse.csproj", "{3922D688-E516-48A1-B901-EC2FB68FEB6D}"
EndProject
Global
	GlobalSection(SolutionConfigurationPlatforms) = preSolution
		Debug|Any CPU = Debug|Any CPU
		Release|Any CPU = Release|Any CPU
	EndGlobalSection
	GlobalSection(ProjectConfigurationPlatforms) = postSolution
		{3922D688-E516-48A1-B901-EC2FB68FEB6D}.Debug|Any CPU.ActiveCfg = Debug|Any CPU
		{3922D688-E516-48A1-B901-EC2FB68FEB6D}.Debug|Any CPU.Build.0 = Debug|Any CPU
		{3922D688-E516-48A1-B901-EC2FB68FEB6D}.Release|Any CPU.ActiveCfg = Release|Any CPU
		{3922D688-E516-48A1-B901-EC2FB68FEB6D}.Release|Any CPU.Build.0 = Release|Any CPU
	EndGlobalSection
	GlobalSection(SolutionProperties) = preSolution
		HideSolutionNode = FALSE
	EndGlobalSection
	GlobalSection(ExtensibilityGlobals) = postSolution
		SolutionGuid = {422F1371-8B75-4708-B0D9-0406F2DB5E85}
	EndGlobalSection
EndGlobal
